# This file is automatically @generated by Poetry 1.6.1 and should not be changed by hand.

[[package]]
name = "attrs"
version = "23.1.0"
description = "Classes Without Boilerplate"
optional = false
python-versions = ">=3.7"
files = [
    {file = "attrs-23.1.0-py3-none-any.whl", hash = "sha256:1f28b4522cdc2fb4256ac1a020c78acf9cba2c6b461ccd2c126f3aa8e8335d04"},
    {file = "attrs-23.1.0.tar.gz", hash = "sha256:6279836d581513a26f1bf235f9acd333bc9115683f14f7e8fae46c98fc50e015"},
]

[package.extras]
cov = ["attrs[tests]", "coverage[toml] (>=5.3)"]
dev = ["attrs[docs,tests]", "pre-commit"]
docs = ["furo", "myst-parser", "sphinx", "sphinx-notfound-page", "sphinxcontrib-towncrier", "towncrier", "zope-interface"]
tests = ["attrs[tests-no-zope]", "zope-interface"]
tests-no-zope = ["cloudpickle", "hypothesis", "mypy (>=1.1.1)", "pympler", "pytest (>=4.3.0)", "pytest-mypy-plugins", "pytest-xdist[psutil]"]

[[package]]
name = "dolreader"
version = "1.1.1"
description = "Simple python library for working with Nintendo's DOL format"
optional = false
python-versions = ">=3.8"
files = [
    {file = "dolreader-1.1.1-py3-none-any.whl", hash = "sha256:d2532c209873fc5f7fcce72977b59e867f9f134e4a6572c6975a250fdc30a9f2"},
    {file = "dolreader-1.1.1.tar.gz", hash = "sha256:9926f682f3179989402651ce8338e5ca70b36d88b34db4fa6b69bcb7018966fb"},
]

[[package]]
name = "geckolibs"
version = "0.2.3"
description = "Python library for working with the Gecko Code format for Wii/GC"
optional = false
python-versions = ">=3.8"
files = [
    {file = "geckolibs-0.2.3-py3-none-any.whl", hash = "sha256:041b3f5fe8de901f1108165b87c45854284c1928b650e016d4c557374f0f7346"},
    {file = "geckolibs-0.2.3.tar.gz", hash = "sha256:a6cb4c7022626c648cd72fa6eac0693ffa71629329b32906a0e703ede2c78433"},
]

[package.dependencies]
dolreader = "*"

[[package]]
name = "glcontext"
version = "2.4.0"
description = "Portable OpenGL Context"
optional = false
python-versions = "*"
files = [
    {file = "glcontext-2.4.0-cp310-cp310-macosx_10_9_x86_64.whl", hash = "sha256:00d8a5901447e5a99b085b3e8c54dcf9012c88d9d75c7ea657ec4294b8b4e4fb"},
    {file = "glcontext-2.4.0-cp310-cp310-manylinux_2_5_i686.manylinux1_i686.manylinux_2_17_i686.manylinux2014_i686.whl", hash = "sha256:c90c53fb56ecebeecae2d113f95d4a699fcde7924132e0195569118f80349c5a"},
    {file = "glcontext-2.4.0-cp310-cp310-manylinux_2_5_x86_64.manylinux1_x86_64.manylinux_2_17_x86_64.manylinux2014_x86_64.whl", hash = "sha256:95d065ad2fbfb395966559aceb4359250243e6fb07a3ca5becdddeba8e8f428d"},
    {file = "glcontext-2.4.0-cp310-cp310-musllinux_1_1_i686.whl", hash = "sha256:33edb364c96a4081d93e428c55d337995f42cd58e7d2b44ea593b662bdb8b50e"},
    {file = "glcontext-2.4.0-cp310-cp310-musllinux_1_1_x86_64.whl", hash = "sha256:5b52eff82377469514818c90c4a16a04a39d01d3adfcd7dcadd558ed02dc7cef"},
    {file = "glcontext-2.4.0-cp310-cp310-win32.whl", hash = "sha256:5f3c6744c77ade16e715b5a8636384cf11ac3ee365493bdb38091d9c1f87eda8"},
    {file = "glcontext-2.4.0-cp310-cp310-win_amd64.whl", hash = "sha256:21b5ac40463a711bdb6ba59751693b4f5f765cc807adeface62ce292813460ac"},
    {file = "glcontext-2.4.0-cp311-cp311-macosx_10_9_x86_64.whl", hash = "sha256:4313d59451db04ebbb26232beefb5a850fbb79bb9e72b3c4e7783da3c146517b"},
    {file = "glcontext-2.4.0-cp311-cp311-manylinux_2_5_i686.manylinux1_i686.manylinux_2_17_i686.manylinux2014_i686.whl", hash = "sha256:2088f15d4c5d42f1eef77b45d9ff985d8e14d3989d5d9298e2433075f5f1f15a"},
    {file = "glcontext-2.4.0-cp311-cp311-manylinux_2_5_x86_64.manylinux1_x86_64.manylinux_2_17_x86_64.manylinux2014_x86_64.whl", hash = "sha256:9450f7c7b5923c17a627e1d4e965f208e28ce7b547f5fd1f756f7701c23e3c88"},
    {file = "glcontext-2.4.0-cp311-cp311-musllinux_1_1_i686.whl", hash = "sha256:d52ea6dc8e064f7f4cc7423943885ddecec321a5dfcce66d71a0892834334430"},
    {file = "glcontext-2.4.0-cp311-cp311-musllinux_1_1_x86_64.whl", hash = "sha256:5060eea43ec7bc2d3cf03582d56abf10938a188947f86aa5b558d197baec2753"},
    {file = "glcontext-2.4.0-cp311-cp311-win32.whl", hash = "sha256:c8b9de7f50650443a5192d42c170fa561c0b241bb1b49664ae67a22fdcf6baa4"},
    {file = "glcontext-2.4.0-cp311-cp311-win_amd64.whl", hash = "sha256:d60c684983a091408e06ee5826813926cd7e84069f1bd7760397edfe0e33aad5"},
    {file = "glcontext-2.4.0-cp36-cp36m-macosx_10_9_x86_64.whl", hash = "sha256:6bf0fa5f40769e79c74f50f71f6c82acf118081f153e3f84533e1969febaae04"},
    {file = "glcontext-2.4.0-cp36-cp36m-manylinux_2_5_i686.manylinux1_i686.manylinux_2_17_i686.manylinux2014_i686.whl", hash = "sha256:642a004a0c940dd109e8d6942a4d795c1f3b3673edd2e6556320a542ea44fc5d"},
    {file = "glcontext-2.4.0-cp36-cp36m-manylinux_2_5_x86_64.manylinux1_x86_64.manylinux_2_17_x86_64.manylinux2014_x86_64.whl", hash = "sha256:1674950eb6118f32c6418f6319f4e06a997ce170b04f9dc465ffb99a7b6d93c3"},
    {file = "glcontext-2.4.0-cp36-cp36m-musllinux_1_1_i686.whl", hash = "sha256:b66bc3a66658c3b92b2282c2197dfce639a693df525aa10e3d6402731a1e985a"},
    {file = "glcontext-2.4.0-cp36-cp36m-musllinux_1_1_x86_64.whl", hash = "sha256:5c2710dddac0844b88cd3c61c67aa70fcf35f738a6bd8f0e557474313ef2324f"},
    {file = "glcontext-2.4.0-cp36-cp36m-win32.whl", hash = "sha256:3e51fd5ea6241774cf0636039e641b70321e9ad9bc8c082d24a9be058817a310"},
    {file = "glcontext-2.4.0-cp36-cp36m-win_amd64.whl", hash = "sha256:0fc19a523736f4178c720060c3589db8c8072744985007e20859e086a6c981f6"},
    {file = "glcontext-2.4.0-cp37-cp37m-macosx_10_9_x86_64.whl", hash = "sha256:7c05a675644e3552f7aa8bc0d6a3bf189645c06610f5b13a1850f4bbdd82cd54"},
    {file = "glcontext-2.4.0-cp37-cp37m-manylinux_2_5_i686.manylinux1_i686.manylinux_2_17_i686.manylinux2014_i686.whl", hash = "sha256:987c7db3350f3ecb06c328d2b4ca06008b0d950ca248ef9a76859442293177b3"},
    {file = "glcontext-2.4.0-cp37-cp37m-manylinux_2_5_x86_64.manylinux1_x86_64.manylinux_2_17_x86_64.manylinux2014_x86_64.whl", hash = "sha256:3d1359528fd707e6ef051240940a6d5d4944d277306a41a05183ee90fd1f36fc"},
    {file = "glcontext-2.4.0-cp37-cp37m-musllinux_1_1_i686.whl", hash = "sha256:27a3e1284b8209ecd7daef59767c0ecfa13dbf902c61998290aab63a8ca5213e"},
    {file = "glcontext-2.4.0-cp37-cp37m-musllinux_1_1_x86_64.whl", hash = "sha256:28d5622bb14e09e754af1155f97256a892b7d2f52902375d48c47864e0e70a5d"},
    {file = "glcontext-2.4.0-cp37-cp37m-win32.whl", hash = "sha256:5498f06564e14557a8bf3192455ad0622a47fa344cd556a0bb57b215df4ad847"},
    {file = "glcontext-2.4.0-cp37-cp37m-win_amd64.whl", hash = "sha256:935a6b161b2854f89f1800cea1d44862d59f6e965f396d67c0daf8fd9378e42d"},
    {file = "glcontext-2.4.0-cp38-cp38-macosx_10_9_x86_64.whl", hash = "sha256:b9519706f150a074b318dd6ed97c438d846f81f306e957002e261262ba81a77a"},
    {file = "glcontext-2.4.0-cp38-cp38-manylinux_2_5_i686.manylinux1_i686.manylinux_2_17_i686.manylinux2014_i686.whl", hash = "sha256:b957b13b11c77bfd792575eb12d6c40549f78c502bff742c8c9a93344af77d80"},
    {file = "glcontext-2.4.0-cp38-cp38-manylinux_2_5_x86_64.manylinux1_x86_64.manylinux_2_17_x86_64.manylinux2014_x86_64.whl", hash = "sha256:9b1be984bc6a1d443b504cdff155743be94f545663e7229a9e972c7a38211542"},
    {file = "glcontext-2.4.0-cp38-cp38-musllinux_1_1_i686.whl", hash = "sha256:2786764c8482e2c79bf6b88249be84aacbd97950718987463b95bc9563e37356"},
    {file = "glcontext-2.4.0-cp38-cp38-musllinux_1_1_x86_64.whl", hash = "sha256:e1e51269b4d77f3591fc7b19c68dc4215f2cf1b922fb2c1960b8b4c71e6de5f6"},
    {file = "glcontext-2.4.0-cp38-cp38-win32.whl", hash = "sha256:580d40a3226daf70d3debef01f1ea068070bea8bbfa17e2fd2df017caec7fcb9"},
    {file = "glcontext-2.4.0-cp38-cp38-win_amd64.whl", hash = "sha256:f2c25ccdd7272ca3b20033cfc38c0b7172279ff8f14801bb2797a367f0515b6c"},
    {file = "glcontext-2.4.0-cp39-cp39-macosx_10_9_x86_64.whl", hash = "sha256:634adf8cc697532af2335bf58f565a59b059db64de337f9012c8352be8c2b7cd"},
    {file = "glcontext-2.4.0-cp39-cp39-manylinux_2_5_i686.manylinux1_i686.manylinux_2_17_i686.manylinux2014_i686.whl", hash = "sha256:d70c436ccfe603fb82913e21eedc4fcbd2792af386cc2698cc62b732e64fc624"},
    {file = "glcontext-2.4.0-cp39-cp39-manylinux_2_5_x86_64.manylinux1_x86_64.manylinux_2_17_x86_64.manylinux2014_x86_64.whl", hash = "sha256:8b26961c0a8de4e4fbca0becc85b163a0eee2716e2450db3fb6fce95252a508b"},
    {file = "glcontext-2.4.0-cp39-cp39-musllinux_1_1_i686.whl", hash = "sha256:0538bfaeb3865bb7dd8282571838cf9b5c5fb07b08fac80c0f5f612436d46f04"},
    {file = "glcontext-2.4.0-cp39-cp39-musllinux_1_1_x86_64.whl", hash = "sha256:027bf468fa86118c58a70ca0e008a9e74372eee0e10456a96f7e7dc5224ebca5"},
    {file = "glcontext-2.4.0-cp39-cp39-win32.whl", hash = "sha256:1fb59784c2ba33a9a1e5d829bd5f7cd524451b4d89d9c18565d5a72951ba5259"},
    {file = "glcontext-2.4.0-cp39-cp39-win_amd64.whl", hash = "sha256:b21e2ec7b5f470ac576f8284371547e1f73711b106c2c3292732aace88813135"},
    {file = "glcontext-2.4.0-pp310-pypy310_pp73-macosx_10_9_x86_64.whl", hash = "sha256:4f1de7a32278333f8edaed8f51180b929aaf975a453a8bcde4d553f9d2d5db81"},
    {file = "glcontext-2.4.0-pp310-pypy310_pp73-manylinux_2_5_i686.manylinux1_i686.manylinux_2_17_i686.manylinux2014_i686.whl", hash = "sha256:a98f62495d5a89d79ce182f9698ef84154f257917007d2ef35807c4dfb24834e"},
    {file = "glcontext-2.4.0-pp310-pypy310_pp73-manylinux_2_5_x86_64.manylinux1_x86_64.manylinux_2_17_x86_64.manylinux2014_x86_64.whl", hash = "sha256:6d36b623331b4e9c09f78bd57ac372b77ce8078e751c31825ce5f687f19514e2"},
    {file = "glcontext-2.4.0-pp310-pypy310_pp73-win_amd64.whl", hash = "sha256:74ec128d03f6e715fc1554047958c4581b78653eeaf08aeac4f110fba1b00c64"},
    {file = "glcontext-2.4.0-pp37-pypy37_pp73-macosx_10_9_x86_64.whl", hash = "sha256:6dde4e7afbfa336d323f1b5a3d9164e0484a08ec969c2b69048de840c45a5051"},
    {file = "glcontext-2.4.0-pp37-pypy37_pp73-manylinux_2_5_i686.manylinux1_i686.manylinux_2_17_i686.manylinux2014_i686.whl", hash = "sha256:18bec7f9f0a9ad90bd3e25ab0e6b9db909dfaa10a0f3b5e5ef588d3c7f565fea"},
    {file = "glcontext-2.4.0-pp37-pypy37_pp73-manylinux_2_5_x86_64.manylinux1_x86_64.manylinux_2_17_x86_64.manylinux2014_x86_64.whl", hash = "sha256:71c54b085869b3d22f15138bd5cf4dfbbf4e7c431bb7e778788e6481bb6cc452"},
    {file = "glcontext-2.4.0-pp37-pypy37_pp73-win_amd64.whl", hash = "sha256:faa80ddadb513b6475a68dad288ec690b0a7dd7e37582ac49b724e234695d12e"},
    {file = "glcontext-2.4.0-pp38-pypy38_pp73-macosx_10_9_x86_64.whl", hash = "sha256:a76833aea7e50682d7266ca24886e9eb1dc76744ec64ec6187f5dfd200397d3e"},
    {file = "glcontext-2.4.0-pp38-pypy38_pp73-manylinux_2_5_i686.manylinux1_i686.manylinux_2_17_i686.manylinux2014_i686.whl", hash = "sha256:d91a3f80d013f9b4073881e8578e49a1de6dda881d093f7d07aed81374cd340b"},
    {file = "glcontext-2.4.0-pp38-pypy38_pp73-manylinux_2_5_x86_64.manylinux1_x86_64.manylinux_2_17_x86_64.manylinux2014_x86_64.whl", hash = "sha256:0916c3cc03228c2512be6e283032026c2730a78c5a90ce49a427e5ca18d9b961"},
    {file = "glcontext-2.4.0-pp38-pypy38_pp73-win_amd64.whl", hash = "sha256:193c5798da864db316195b80c26da194b69e1c746a72d2d5923036e746c1a470"},
    {file = "glcontext-2.4.0-pp39-pypy39_pp73-macosx_10_9_x86_64.whl", hash = "sha256:9c4ac06ebdb57ef1376af4f5a788cfddf828867c4c925a4a7ac26a011ce691be"},
    {file = "glcontext-2.4.0-pp39-pypy39_pp73-manylinux_2_5_i686.manylinux1_i686.manylinux_2_17_i686.manylinux2014_i686.whl", hash = "sha256:35842c53aa4975f51c1f1fa8e619867d4734dbf0f79c5cbeb78e42633a2ef09e"},
    {file = "glcontext-2.4.0-pp39-pypy39_pp73-manylinux_2_5_x86_64.manylinux1_x86_64.manylinux_2_17_x86_64.manylinux2014_x86_64.whl", hash = "sha256:ec85163231e1aa410a1e05d7f5a8e0e7dcf9e3c0ad8e679888bfdb8384dbcca3"},
    {file = "glcontext-2.4.0-pp39-pypy39_pp73-win_amd64.whl", hash = "sha256:1bb56f2d8ffacb5693c2762c59bb288896b179f2ab5dc905637f6d6f5aeb7b47"},
    {file = "glcontext-2.4.0.tar.gz", hash = "sha256:50d7aad961d4f0374a38592194c59f740192e4d00549df48ac81a40942a6beb9"},
]

[[package]]
name = "jsonpickle"
version = "3.0.2"
description = "Python library for serializing any arbitrary object graph into JSON"
optional = false
python-versions = ">=3.7"
files = [
    {file = "jsonpickle-3.0.2-py3-none-any.whl", hash = "sha256:4a8442d97ca3f77978afa58068768dba7bff2dbabe79a9647bc3cdafd4ef019f"},
    {file = "jsonpickle-3.0.2.tar.gz", hash = "sha256:e37abba4bfb3ca4a4647d28bb9f4706436f7b46c8a8333b4a718abafa8e46b37"},
]

[package.extras]
docs = ["jaraco.packaging (>=3.2)", "rst.linker (>=1.9)", "sphinx"]
testing = ["ecdsa", "feedparser", "gmpy2", "numpy", "pandas", "pymongo", "pytest (>=3.5,!=3.7.3)", "pytest-black-multipy", "pytest-checkdocs (>=1.2.3)", "pytest-cov", "pytest-flake8 (>=1.1.1)", "scikit-learn", "sqlalchemy"]
testing-libs = ["simplejson", "ujson"]

[[package]]
name = "moderngl"
version = "5.8.2"
description = "ModernGL: High performance rendering for Python 3"
optional = false
python-versions = "*"
files = [
    {file = "moderngl-5.8.2-cp310-cp310-macosx_10_9_universal2.whl", hash = "sha256:3012c38b882985aa1140196ba157b8d5a625add0ee0761c3c2937505b1365675"},
    {file = "moderngl-5.8.2-cp310-cp310-macosx_10_9_x86_64.whl", hash = "sha256:f140f9d9f5f11fc2a7b41324dd7bcf88c1fc9576d5b21f78b42707d835583be9"},
    {file = "moderngl-5.8.2-cp310-cp310-manylinux_2_17_aarch64.manylinux2014_aarch64.whl", hash = "sha256:bbb23f67bd1bb0babd67246330137bd4b9fd49557fa5ae402305685a48df3d6d"},
    {file = "moderngl-5.8.2-cp310-cp310-manylinux_2_17_x86_64.manylinux2014_x86_64.whl", hash = "sha256:c5e92e1c8af12fdf3f5fb1923412632887aa3002bdb23d46a3ff564b93cc002c"},
    {file = "moderngl-5.8.2-cp310-cp310-manylinux_2_5_i686.manylinux1_i686.manylinux_2_17_i686.manylinux2014_i686.whl", hash = "sha256:8227c2986e2ce9a76314fa6271d72749e37831fa3031d0db1eccb7fcfd027f08"},
    {file = "moderngl-5.8.2-cp310-cp310-win32.whl", hash = "sha256:df3c541ef9322fafebc113924a5034bb0fb3ac4afab9bd72cc6798795edbfd18"},
    {file = "moderngl-5.8.2-cp310-cp310-win_amd64.whl", hash = "sha256:5d3fd68011186a30ab4bbcdeb5348a5bce579cbef0e849944ca875d0be70f0c2"},
    {file = "moderngl-5.8.2-cp311-cp311-macosx_10_9_universal2.whl", hash = "sha256:d51c2d31decab2f3a534c04d2dfda631d9a2efc79ddb36d75e4b50747fc134f2"},
    {file = "moderngl-5.8.2-cp311-cp311-macosx_10_9_x86_64.whl", hash = "sha256:affffa368aea60fd5df0edff10d6923f74cd3f9fd7893675fe7c7bfe73517b7b"},
    {file = "moderngl-5.8.2-cp311-cp311-manylinux_2_17_aarch64.manylinux2014_aarch64.whl", hash = "sha256:a7e9220ce5447e050adaaea42abf2b48e3eae4cc4a2fc07a3827239c067c5c68"},
    {file = "moderngl-5.8.2-cp311-cp311-manylinux_2_17_x86_64.manylinux2014_x86_64.whl", hash = "sha256:310db1cc52dbcc211d957f27ca9d14f3e474657eb2d5670f03adf9221c9b1647"},
    {file = "moderngl-5.8.2-cp311-cp311-manylinux_2_5_i686.manylinux1_i686.manylinux_2_17_i686.manylinux2014_i686.whl", hash = "sha256:bcd7de06efafa9e4cef63c942e886586fd25076867d46511aaf5aa478317c2f3"},
    {file = "moderngl-5.8.2-cp311-cp311-win32.whl", hash = "sha256:b5e7d98c5bd5e840c9667cf1817c01809b83beb8f8b83c6e76bf85f10dc99b63"},
    {file = "moderngl-5.8.2-cp311-cp311-win_amd64.whl", hash = "sha256:279486e143eb849fcab126e3ef3a1a0353bbbdb1d27a13c76335cf4ae14b2827"},
    {file = "moderngl-5.8.2-cp37-cp37m-macosx_10_9_x86_64.whl", hash = "sha256:a37db97c20e942ec20281d320c50f8ea006d5ac4797998484a7f8fdfe9e0129b"},
    {file = "moderngl-5.8.2-cp37-cp37m-manylinux_2_17_aarch64.manylinux2014_aarch64.whl", hash = "sha256:50313b30b744c59c07a01b63ecd4efd57488ad70ece4296d8669cac6ec1f634d"},
    {file = "moderngl-5.8.2-cp37-cp37m-manylinux_2_17_x86_64.manylinux2014_x86_64.whl", hash = "sha256:60ad02423ecc434433aa63ec0d8adbef94432e88a87ebf0853336dc3677c645e"},
    {file = "moderngl-5.8.2-cp37-cp37m-manylinux_2_5_i686.manylinux1_i686.manylinux_2_17_i686.manylinux2014_i686.whl", hash = "sha256:651f450ac4520cb24161096f0bcfaf10820743d48e231cf0a27a8ff4e036c450"},
    {file = "moderngl-5.8.2-cp37-cp37m-win32.whl", hash = "sha256:88e9500293f02220d9613beb852242507de34b29639427a3b113be38941458fe"},
    {file = "moderngl-5.8.2-cp37-cp37m-win_amd64.whl", hash = "sha256:ab9d969cbed50d7f86c6da8252b4a7adc53d033a24a281cd4b00221b1b26faf2"},
    {file = "moderngl-5.8.2-cp38-cp38-macosx_10_9_universal2.whl", hash = "sha256:4a16916facea2351b70db73226cef1545c43f3431d9861a7b467208898b82a0f"},
    {file = "moderngl-5.8.2-cp38-cp38-macosx_10_9_x86_64.whl", hash = "sha256:a994da9d8cf3f5d9f549b02f9b9bfaeb0ce20c17e5acaa8b9737795d1bf62a28"},
    {file = "moderngl-5.8.2-cp38-cp38-manylinux_2_17_aarch64.manylinux2014_aarch64.whl", hash = "sha256:b8079fcf1a8e4df24ab2313165cc77721c7676a1c68b2e48a890d283525f6858"},
    {file = "moderngl-5.8.2-cp38-cp38-manylinux_2_17_x86_64.manylinux2014_x86_64.whl", hash = "sha256:f066d9b0e743bb60e3dfa540214b4fe19c5d25f3ab7dd4f61c36fb00854fa502"},
    {file = "moderngl-5.8.2-cp38-cp38-manylinux_2_5_i686.manylinux1_i686.manylinux_2_17_i686.manylinux2014_i686.whl", hash = "sha256:7b9b6efe0cecb182e07f0424b9d33a969f85e39f9e6eff2d5fb05e8e9ff67750"},
    {file = "moderngl-5.8.2-cp38-cp38-win32.whl", hash = "sha256:a135faa1be35346a258bd59daf5307b763e4f20e32ecdd69fc0d84e5bb48adfc"},
    {file = "moderngl-5.8.2-cp38-cp38-win_amd64.whl", hash = "sha256:56b73042fb5593158b6935757c75c695673a46b74136c03c88c16af25628d998"},
    {file = "moderngl-5.8.2-cp39-cp39-macosx_10_9_universal2.whl", hash = "sha256:7400876b5ef3eb12f0e0374c48b881dd44f8aef4b3d901ffe508213949d62d0a"},
    {file = "moderngl-5.8.2-cp39-cp39-macosx_10_9_x86_64.whl", hash = "sha256:e4fc84269d26731832303c1904bd33e4692a648b26e97661c8455e4fdfc6bd17"},
    {file = "moderngl-5.8.2-cp39-cp39-manylinux_2_17_aarch64.manylinux2014_aarch64.whl", hash = "sha256:9f5b909dd73a30235989685bf83e8a5b2dad435ce576669a6731bf6659076f4b"},
    {file = "moderngl-5.8.2-cp39-cp39-manylinux_2_17_x86_64.manylinux2014_x86_64.whl", hash = "sha256:5d8ffeb7b30d001f8495f7efbcdf39a07185ad94e7f843133ce991b459d47ba6"},
    {file = "moderngl-5.8.2-cp39-cp39-manylinux_2_5_i686.manylinux1_i686.manylinux_2_17_i686.manylinux2014_i686.whl", hash = "sha256:3ebc9016a0849edc4654e4d1935748ca2dc72427ea678aa7fc166d449e0c1db2"},
    {file = "moderngl-5.8.2-cp39-cp39-win32.whl", hash = "sha256:9f19b0c201c5c2739358a68c12f0502424ed76659edaba4ea20760fc9b71d2fa"},
    {file = "moderngl-5.8.2-cp39-cp39-win_amd64.whl", hash = "sha256:7ff301371e91dd39486c8d52a27934cc04ca3da6da16613255d3a6b69e89e621"},
    {file = "moderngl-5.8.2-pp37-pypy37_pp73-macosx_10_9_x86_64.whl", hash = "sha256:67918bbc43b2f7aa37d72ba1ed2dd506d993aed8d62d9771caaf541607bd7402"},
    {file = "moderngl-5.8.2-pp37-pypy37_pp73-manylinux_2_17_aarch64.manylinux2014_aarch64.whl", hash = "sha256:841d8e056f188d03ab02268f96368f570c72a91ed01f8fa43e83ecbcaf80bf06"},
    {file = "moderngl-5.8.2-pp37-pypy37_pp73-manylinux_2_17_x86_64.manylinux2014_x86_64.whl", hash = "sha256:1ce40fb73f80c1f09f4a095adda341fdaf1b3043f219fbfe44a9da81577dde7e"},
    {file = "moderngl-5.8.2-pp37-pypy37_pp73-manylinux_2_5_i686.manylinux1_i686.manylinux_2_17_i686.manylinux2014_i686.whl", hash = "sha256:3a850968d417fb62eb26922d2158a6748b90088db948c9499dc05cd616a845d9"},
    {file = "moderngl-5.8.2-pp37-pypy37_pp73-win_amd64.whl", hash = "sha256:e2e6378212c18b82503c82555644a12bb9087215c8ae783b655a1f3ade403285"},
    {file = "moderngl-5.8.2-pp38-pypy38_pp73-macosx_10_9_x86_64.whl", hash = "sha256:96433f592a6a113a2cd236f00a306f43059580ec5109553e0f0044decd61fe0c"},
    {file = "moderngl-5.8.2-pp38-pypy38_pp73-manylinux_2_17_aarch64.manylinux2014_aarch64.whl", hash = "sha256:670682ad734dacb501685c62d958a849a856d01ebb6cafb639d6549e7ca4d39a"},
    {file = "moderngl-5.8.2-pp38-pypy38_pp73-manylinux_2_17_x86_64.manylinux2014_x86_64.whl", hash = "sha256:2e2205402a8d0792efc380e68cb1a11218c09454e6d8d1d95fda0becb2d36a5a"},
    {file = "moderngl-5.8.2-pp38-pypy38_pp73-manylinux_2_5_i686.manylinux1_i686.manylinux_2_17_i686.manylinux2014_i686.whl", hash = "sha256:d7362808ab3ef32b95b534de6be20f09eee23f047954dd01d3d2433faf1f0725"},
    {file = "moderngl-5.8.2-pp38-pypy38_pp73-win_amd64.whl", hash = "sha256:cc3ed59322867afbc9edf4d96deb619e1e13bb7ef8bfc778b10adbd117f8af9b"},
    {file = "moderngl-5.8.2-pp39-pypy39_pp73-macosx_10_9_x86_64.whl", hash = "sha256:d0d9fa90957c382ebbc7011ffc29807ae914e64f2d519d974b87e583d6c07188"},
    {file = "moderngl-5.8.2-pp39-pypy39_pp73-manylinux_2_17_aarch64.manylinux2014_aarch64.whl", hash = "sha256:3366be15c5aaa841239091dfa2c86c6acb09b67fa2a86552f8b4f59c0e9dae55"},
    {file = "moderngl-5.8.2-pp39-pypy39_pp73-manylinux_2_17_x86_64.manylinux2014_x86_64.whl", hash = "sha256:8094f14072e102272f31617b219b601dd15e5117047ba33508014f9a40b7188a"},
    {file = "moderngl-5.8.2-pp39-pypy39_pp73-manylinux_2_5_i686.manylinux1_i686.manylinux_2_17_i686.manylinux2014_i686.whl", hash = "sha256:a5e25f34e3b6916f6394b3a7f10fa443a901662ecfb01c623ed9c7f87a660ed9"},
    {file = "moderngl-5.8.2-pp39-pypy39_pp73-win_amd64.whl", hash = "sha256:2d572b3e8243e63efbb85bb6a90dfffe84a8d57233ff7e03cad44023a414678f"},
    {file = "moderngl-5.8.2.tar.gz", hash = "sha256:b66c18d7f4ab7a94be3f9eb9e4ca6836ead1da502d62e81b7f7a48150e2ed391"},
]

[package.dependencies]
glcontext = ">=2.3.6,<3"

[[package]]
name = "numpy"
version = "1.26.0b1"
description = "Fundamental package for array computing in Python"
optional = false
python-versions = "<3.13,>=3.9"
files = [
    {file = "numpy-1.26.0b1-cp310-cp310-macosx_10_9_x86_64.whl", hash = "sha256:9a74361204dc604ba53916ed55aef0ca73e7aa3d0b7e47e1c28aece8c2ad4f59"},
    {file = "numpy-1.26.0b1-cp310-cp310-macosx_11_0_arm64.whl", hash = "sha256:ab9e86bb7c9d3e009945b24a92318ff5d8c245e0e0aaaa765825c4561c292d53"},
    {file = "numpy-1.26.0b1-cp310-cp310-manylinux_2_17_aarch64.manylinux2014_aarch64.whl", hash = "sha256:b0b73599c80b29dfa7f812cb2e8738ce3f058b413e9f2f478e3cc4e038bb8f8e"},
    {file = "numpy-1.26.0b1-cp310-cp310-manylinux_2_17_x86_64.manylinux2014_x86_64.whl", hash = "sha256:4a6d4c99396c57e02b0181f01ba42b482f327774057e51fb7fb390a130c95cff"},
    {file = "numpy-1.26.0b1-cp310-cp310-musllinux_1_1_x86_64.whl", hash = "sha256:02af7482f34aeb9658ece615c922942f1a3908c449a9a6cd9f33fa233ce486d4"},
    {file = "numpy-1.26.0b1-cp310-cp310-win_amd64.whl", hash = "sha256:5a8f04e957259ef93a1e4a29da0b64d49ee842af456257bbb7253925cfe2f7bd"},
    {file = "numpy-1.26.0b1-cp311-cp311-macosx_10_9_x86_64.whl", hash = "sha256:f71e10402e705aaa5908464e489d38e6583c48e40a4721f83195772178c7da9f"},
    {file = "numpy-1.26.0b1-cp311-cp311-macosx_11_0_arm64.whl", hash = "sha256:94d5572fea8dca0fa929da9d17fa49e525ceee1e59b04372dfa5bd8a5f688f5f"},
    {file = "numpy-1.26.0b1-cp311-cp311-manylinux_2_17_aarch64.manylinux2014_aarch64.whl", hash = "sha256:1f88e6fe42b0d6418e53332e525b299762dbd9e33055d2e0398e6298da5b0cc9"},
    {file = "numpy-1.26.0b1-cp311-cp311-manylinux_2_17_x86_64.manylinux2014_x86_64.whl", hash = "sha256:c466707e5ce5a44caadb85fd672a5ce0bfc060012df465771e7b10506e1e5dad"},
    {file = "numpy-1.26.0b1-cp311-cp311-musllinux_1_1_x86_64.whl", hash = "sha256:16313a28cf703ae722b3ac139809360ffef81a45e758f196e538be3bcbee85c9"},
    {file = "numpy-1.26.0b1-cp311-cp311-win_amd64.whl", hash = "sha256:ea85e8e297af49d30830177ecb0c54d1cbca051e4306161f3ceabfa66560b17c"},
    {file = "numpy-1.26.0b1-cp312-cp312-macosx_10_9_x86_64.whl", hash = "sha256:321a063fabc302931029f831f284cf43c301fdeead1b15df2f8aa87673294d4d"},
    {file = "numpy-1.26.0b1-cp312-cp312-macosx_11_0_arm64.whl", hash = "sha256:dc36a9e8df48b72dad668d6f4036ed477d8bc2cb1f7a23b688e8e8057afdfee3"},
    {file = "numpy-1.26.0b1-cp312-cp312-manylinux_2_17_aarch64.manylinux2014_aarch64.whl", hash = "sha256:3c6c5804671fa1697e3d0cbc608a65c55794fb6682f4e04e9f6d65d0ddfc47c7"},
    {file = "numpy-1.26.0b1-cp312-cp312-manylinux_2_17_x86_64.manylinux2014_x86_64.whl", hash = "sha256:3aa806da215e9c10ba89e9037a69c7a56367e059615679ef1a5cf937eedfbf61"},
    {file = "numpy-1.26.0b1-cp312-cp312-musllinux_1_1_x86_64.whl", hash = "sha256:b66135c02ee55f9113dce3c8c5130b5feaead8767cd2c7ad36547a3d5e264230"},
    {file = "numpy-1.26.0b1-cp312-cp312-win_amd64.whl", hash = "sha256:87f2799f475e9e7aee69254dfe357975b163d409550d4641a0bca4cb4f64b725"},
    {file = "numpy-1.26.0b1-cp39-cp39-macosx_10_9_x86_64.whl", hash = "sha256:2b258f67ca4a8245c74470da66a87684ddb3f06dde98760efc7ca792a44ee254"},
    {file = "numpy-1.26.0b1-cp39-cp39-macosx_11_0_arm64.whl", hash = "sha256:a31d9109ffed9fc5566e73346a076fffbc7db00e626579ae4d5dfec933b29bfc"},
    {file = "numpy-1.26.0b1-cp39-cp39-manylinux_2_17_aarch64.manylinux2014_aarch64.whl", hash = "sha256:18e29ab806ec5e0b05df900d44b3b257a5901c32fc3ddaeb818c520cd9279b4e"},
    {file = "numpy-1.26.0b1-cp39-cp39-manylinux_2_17_x86_64.manylinux2014_x86_64.whl", hash = "sha256:216b47882877ea5272f279c08bf7e42935728f35c6db2e4843b37db7b29ce016"},
    {file = "numpy-1.26.0b1-cp39-cp39-musllinux_1_1_x86_64.whl", hash = "sha256:eea337d6d5ab2b6eb657b3f18e8b57a280f16fb5f94df484d9c1a8d3450d9ae9"},
    {file = "numpy-1.26.0b1-cp39-cp39-win_amd64.whl", hash = "sha256:db698c9008217c54a8005ea58bd5836241d7b519c8bb16a698a1b4ec4ca296a8"},
    {file = "numpy-1.26.0b1-pp39-pypy39_pp73-macosx_10_9_x86_64.whl", hash = "sha256:f250b3099649137f1021f8f95a9404273bcb7539f0bef6d6cf2c91260285edc4"},
    {file = "numpy-1.26.0b1-pp39-pypy39_pp73-manylinux_2_17_x86_64.manylinux2014_x86_64.whl", hash = "sha256:22584a41b1be30543dd8c030affc90d8cb7ec19a56fda7f27fc33f64f8b0fbaa"},
    {file = "numpy-1.26.0b1-pp39-pypy39_pp73-win_amd64.whl", hash = "sha256:8aefe8ab1228e00146e5ae88290c7fdb8221aef45b357aed7f3dff6ac3b3b25a"},
    {file = "numpy-1.26.0b1.tar.gz", hash = "sha256:c67eea90827e1e9aa220a3fc380ce8776428deba8ac9e7c931ce7b69e8dce115"},
]

[[package]]
name = "pillow"
version = "10.0.0"
description = "Python Imaging Library (Fork)"
optional = false
python-versions = ">=3.8"
files = [
    {file = "Pillow-10.0.0-cp310-cp310-macosx_10_10_x86_64.whl", hash = "sha256:1f62406a884ae75fb2f818694469519fb685cc7eaff05d3451a9ebe55c646891"},
    {file = "Pillow-10.0.0-cp310-cp310-macosx_11_0_arm64.whl", hash = "sha256:d5db32e2a6ccbb3d34d87c87b432959e0db29755727afb37290e10f6e8e62614"},
    {file = "Pillow-10.0.0-cp310-cp310-manylinux_2_17_aarch64.manylinux2014_aarch64.whl", hash = "sha256:edf4392b77bdc81f36e92d3a07a5cd072f90253197f4a52a55a8cec48a12483b"},
    {file = "Pillow-10.0.0-cp310-cp310-manylinux_2_17_x86_64.manylinux2014_x86_64.whl", hash = "sha256:520f2a520dc040512699f20fa1c363eed506e94248d71f85412b625026f6142c"},
    {file = "Pillow-10.0.0-cp310-cp310-manylinux_2_28_aarch64.whl", hash = "sha256:8c11160913e3dd06c8ffdb5f233a4f254cb449f4dfc0f8f4549eda9e542c93d1"},
    {file = "Pillow-10.0.0-cp310-cp310-manylinux_2_28_x86_64.whl", hash = "sha256:a74ba0c356aaa3bb8e3eb79606a87669e7ec6444be352870623025d75a14a2bf"},
    {file = "Pillow-10.0.0-cp310-cp310-musllinux_1_1_aarch64.whl", hash = "sha256:d5d0dae4cfd56969d23d94dc8e89fb6a217be461c69090768227beb8ed28c0a3"},
    {file = "Pillow-10.0.0-cp310-cp310-musllinux_1_1_x86_64.whl", hash = "sha256:22c10cc517668d44b211717fd9775799ccec4124b9a7f7b3635fc5386e584992"},
    {file = "Pillow-10.0.0-cp310-cp310-win_amd64.whl", hash = "sha256:dffe31a7f47b603318c609f378ebcd57f1554a3a6a8effbc59c3c69f804296de"},
    {file = "Pillow-10.0.0-cp311-cp311-macosx_10_10_x86_64.whl", hash = "sha256:9fb218c8a12e51d7ead2a7c9e101a04982237d4855716af2e9499306728fb485"},
    {file = "Pillow-10.0.0-cp311-cp311-macosx_11_0_arm64.whl", hash = "sha256:d35e3c8d9b1268cbf5d3670285feb3528f6680420eafe35cccc686b73c1e330f"},
    {file = "Pillow-10.0.0-cp311-cp311-manylinux_2_17_aarch64.manylinux2014_aarch64.whl", hash = "sha256:3ed64f9ca2f0a95411e88a4efbd7a29e5ce2cea36072c53dd9d26d9c76f753b3"},
    {file = "Pillow-10.0.0-cp311-cp311-manylinux_2_17_x86_64.manylinux2014_x86_64.whl", hash = "sha256:0b6eb5502f45a60a3f411c63187db83a3d3107887ad0d036c13ce836f8a36f1d"},
    {file = "Pillow-10.0.0-cp311-cp311-manylinux_2_28_aarch64.whl", hash = "sha256:c1fbe7621c167ecaa38ad29643d77a9ce7311583761abf7836e1510c580bf3dd"},
    {file = "Pillow-10.0.0-cp311-cp311-manylinux_2_28_x86_64.whl", hash = "sha256:cd25d2a9d2b36fcb318882481367956d2cf91329f6892fe5d385c346c0649629"},
    {file = "Pillow-10.0.0-cp311-cp311-musllinux_1_1_aarch64.whl", hash = "sha256:3b08d4cc24f471b2c8ca24ec060abf4bebc6b144cb89cba638c720546b1cf538"},
    {file = "Pillow-10.0.0-cp311-cp311-musllinux_1_1_x86_64.whl", hash = "sha256:d737a602fbd82afd892ca746392401b634e278cb65d55c4b7a8f48e9ef8d008d"},
    {file = "Pillow-10.0.0-cp311-cp311-win_amd64.whl", hash = "sha256:3a82c40d706d9aa9734289740ce26460a11aeec2d9c79b7af87bb35f0073c12f"},
    {file = "Pillow-10.0.0-cp311-cp311-win_arm64.whl", hash = "sha256:bc2ec7c7b5d66b8ec9ce9f720dbb5fa4bace0f545acd34870eff4a369b44bf37"},
    {file = "Pillow-10.0.0-cp312-cp312-macosx_10_10_x86_64.whl", hash = "sha256:d80cf684b541685fccdd84c485b31ce73fc5c9b5d7523bf1394ce134a60c6883"},
    {file = "Pillow-10.0.0-cp312-cp312-macosx_11_0_arm64.whl", hash = "sha256:76de421f9c326da8f43d690110f0e79fe3ad1e54be811545d7d91898b4c8493e"},
    {file = "Pillow-10.0.0-cp312-cp312-manylinux_2_17_aarch64.manylinux2014_aarch64.whl", hash = "sha256:81ff539a12457809666fef6624684c008e00ff6bf455b4b89fd00a140eecd640"},
    {file = "Pillow-10.0.0-cp312-cp312-manylinux_2_17_x86_64.manylinux2014_x86_64.whl", hash = "sha256:ce543ed15570eedbb85df19b0a1a7314a9c8141a36ce089c0a894adbfccb4568"},
    {file = "Pillow-10.0.0-cp312-cp312-manylinux_2_28_aarch64.whl", hash = "sha256:685ac03cc4ed5ebc15ad5c23bc555d68a87777586d970c2c3e216619a5476223"},
    {file = "Pillow-10.0.0-cp312-cp312-manylinux_2_28_x86_64.whl", hash = "sha256:d72e2ecc68a942e8cf9739619b7f408cc7b272b279b56b2c83c6123fcfa5cdff"},
    {file = "Pillow-10.0.0-cp312-cp312-musllinux_1_1_aarch64.whl", hash = "sha256:d50b6aec14bc737742ca96e85d6d0a5f9bfbded018264b3b70ff9d8c33485551"},
    {file = "Pillow-10.0.0-cp312-cp312-musllinux_1_1_x86_64.whl", hash = "sha256:00e65f5e822decd501e374b0650146063fbb30a7264b4d2744bdd7b913e0cab5"},
    {file = "Pillow-10.0.0-cp312-cp312-win_amd64.whl", hash = "sha256:f31f9fdbfecb042d046f9d91270a0ba28368a723302786c0009ee9b9f1f60199"},
    {file = "Pillow-10.0.0-cp312-cp312-win_arm64.whl", hash = "sha256:1ce91b6ec08d866b14413d3f0bbdea7e24dfdc8e59f562bb77bc3fe60b6144ca"},
    {file = "Pillow-10.0.0-cp38-cp38-macosx_10_10_x86_64.whl", hash = "sha256:349930d6e9c685c089284b013478d6f76e3a534e36ddfa912cde493f235372f3"},
    {file = "Pillow-10.0.0-cp38-cp38-macosx_11_0_arm64.whl", hash = "sha256:3a684105f7c32488f7153905a4e3015a3b6c7182e106fe3c37fbb5ef3e6994c3"},
    {file = "Pillow-10.0.0-cp38-cp38-manylinux_2_17_aarch64.manylinux2014_aarch64.whl", hash = "sha256:b4f69b3700201b80bb82c3a97d5e9254084f6dd5fb5b16fc1a7b974260f89f43"},
    {file = "Pillow-10.0.0-cp38-cp38-manylinux_2_17_x86_64.manylinux2014_x86_64.whl", hash = "sha256:3f07ea8d2f827d7d2a49ecf1639ec02d75ffd1b88dcc5b3a61bbb37a8759ad8d"},
    {file = "Pillow-10.0.0-cp38-cp38-manylinux_2_28_aarch64.whl", hash = "sha256:040586f7d37b34547153fa383f7f9aed68b738992380ac911447bb78f2abe530"},
    {file = "Pillow-10.0.0-cp38-cp38-manylinux_2_28_x86_64.whl", hash = "sha256:f88a0b92277de8e3ca715a0d79d68dc82807457dae3ab8699c758f07c20b3c51"},
    {file = "Pillow-10.0.0-cp38-cp38-musllinux_1_1_aarch64.whl", hash = "sha256:c7cf14a27b0d6adfaebb3ae4153f1e516df54e47e42dcc073d7b3d76111a8d86"},
    {file = "Pillow-10.0.0-cp38-cp38-musllinux_1_1_x86_64.whl", hash = "sha256:3400aae60685b06bb96f99a21e1ada7bc7a413d5f49bce739828ecd9391bb8f7"},
    {file = "Pillow-10.0.0-cp38-cp38-win_amd64.whl", hash = "sha256:dbc02381779d412145331789b40cc7b11fdf449e5d94f6bc0b080db0a56ea3f0"},
    {file = "Pillow-10.0.0-cp39-cp39-macosx_10_10_x86_64.whl", hash = "sha256:9211e7ad69d7c9401cfc0e23d49b69ca65ddd898976d660a2fa5904e3d7a9baa"},
    {file = "Pillow-10.0.0-cp39-cp39-macosx_11_0_arm64.whl", hash = "sha256:faaf07ea35355b01a35cb442dd950d8f1bb5b040a7787791a535de13db15ed90"},
    {file = "Pillow-10.0.0-cp39-cp39-manylinux_2_17_aarch64.manylinux2014_aarch64.whl", hash = "sha256:c9f72a021fbb792ce98306ffb0c348b3c9cb967dce0f12a49aa4c3d3fdefa967"},
    {file = "Pillow-10.0.0-cp39-cp39-manylinux_2_17_x86_64.manylinux2014_x86_64.whl", hash = "sha256:9f7c16705f44e0504a3a2a14197c1f0b32a95731d251777dcb060aa83022cb2d"},
    {file = "Pillow-10.0.0-cp39-cp39-manylinux_2_28_aarch64.whl", hash = "sha256:76edb0a1fa2b4745fb0c99fb9fb98f8b180a1bbceb8be49b087e0b21867e77d3"},
    {file = "Pillow-10.0.0-cp39-cp39-manylinux_2_28_x86_64.whl", hash = "sha256:368ab3dfb5f49e312231b6f27b8820c823652b7cd29cfbd34090565a015e99ba"},
    {file = "Pillow-10.0.0-cp39-cp39-musllinux_1_1_aarch64.whl", hash = "sha256:608bfdee0d57cf297d32bcbb3c728dc1da0907519d1784962c5f0c68bb93e5a3"},
    {file = "Pillow-10.0.0-cp39-cp39-musllinux_1_1_x86_64.whl", hash = "sha256:5c6e3df6bdd396749bafd45314871b3d0af81ff935b2d188385e970052091017"},
    {file = "Pillow-10.0.0-cp39-cp39-win_amd64.whl", hash = "sha256:7be600823e4c8631b74e4a0d38384c73f680e6105a7d3c6824fcf226c178c7e6"},
    {file = "Pillow-10.0.0-pp310-pypy310_pp73-macosx_10_10_x86_64.whl", hash = "sha256:92be919bbc9f7d09f7ae343c38f5bb21c973d2576c1d45600fce4b74bafa7ac0"},
    {file = "Pillow-10.0.0-pp310-pypy310_pp73-manylinux_2_17_x86_64.manylinux2014_x86_64.whl", hash = "sha256:8f8182b523b2289f7c415f589118228d30ac8c355baa2f3194ced084dac2dbba"},
    {file = "Pillow-10.0.0-pp310-pypy310_pp73-manylinux_2_28_x86_64.whl", hash = "sha256:38250a349b6b390ee6047a62c086d3817ac69022c127f8a5dc058c31ccef17f3"},
    {file = "Pillow-10.0.0-pp310-pypy310_pp73-win_amd64.whl", hash = "sha256:88af2003543cc40c80f6fca01411892ec52b11021b3dc22ec3bc9d5afd1c5334"},
    {file = "Pillow-10.0.0-pp39-pypy39_pp73-macosx_10_10_x86_64.whl", hash = "sha256:c189af0545965fa8d3b9613cfdb0cd37f9d71349e0f7750e1fd704648d475ed2"},
    {file = "Pillow-10.0.0-pp39-pypy39_pp73-manylinux_2_17_x86_64.manylinux2014_x86_64.whl", hash = "sha256:ce7b031a6fc11365970e6a5686d7ba8c63e4c1cf1ea143811acbb524295eabed"},
    {file = "Pillow-10.0.0-pp39-pypy39_pp73-manylinux_2_28_x86_64.whl", hash = "sha256:db24668940f82321e746773a4bc617bfac06ec831e5c88b643f91f122a785684"},
    {file = "Pillow-10.0.0-pp39-pypy39_pp73-win_amd64.whl", hash = "sha256:efe8c0681042536e0d06c11f48cebe759707c9e9abf880ee213541c5b46c5bf3"},
    {file = "Pillow-10.0.0.tar.gz", hash = "sha256:9c82b5b3e043c7af0d95792d0d20ccf68f61a1fec6b3530e718b688422727396"},
]

[package.extras]
docs = ["furo", "olefile", "sphinx (>=2.4)", "sphinx-copybutton", "sphinx-inline-tabs", "sphinx-removed-in", "sphinxext-opengraph"]
tests = ["check-manifest", "coverage", "defusedxml", "markdown2", "olefile", "packaging", "pyroma", "pytest", "pytest-cov", "pytest-timeout"]

[[package]]
name = "pyelftools"
version = "0.30"
description = "Library for analyzing ELF files and DWARF debugging information"
optional = false
python-versions = "*"
files = [
    {file = "pyelftools-0.30-py2.py3-none-any.whl", hash = "sha256:544c3440eddb9a0dce70b6611de0b28163d71def759d2ed57a0d00118fc5da86"},
    {file = "pyelftools-0.30.tar.gz", hash = "sha256:2fc92b0d534f8b081f58c7c370967379123d8e00984deb53c209364efd575b40"},
]

[metadata]
lock-version = "2.0"
python-versions = ">=3.12,<4.0"
content-hash = "2bef0e3b779c36d6f049680901c3d174f9372d76af80e5e2e508c6d37e700876"
